
Microsoft Visual Studio Solution File, Format Version 12.00
# Visual Studio Version 16
VisualStudioVersion = 16.0.31613.86
MinimumVisualStudioVersion = 10.0.40219.1
Project("{FAE04EC0-301F-11D3-BF4B-00C04F79EFBC}") = "C_SHARP_PROGRAMACION_I", "C_SHARP_PROGRAMACION_I\C_SHARP_PROGRAMACION_I.csproj", "{E88A08EF-7C28-49C9-9B0B-52A070E4A1E2}"
EndProject
Global
	GlobalSection(SolutionConfigurationPlatforms) = preSolution
		Debug|Any CPU = Debug|Any CPU
		Release|Any CPU = Release|Any CPU
	EndGlobalSection
	GlobalSection(ProjectConfigurationPlatforms) = postSolution
		{E88A08EF-7C28-49C9-9B0B-52A070E4A1E2}.Debug|Any CPU.ActiveCfg = Debug|Any CPU
		{E88A08EF-7C28-49C9-9B0B-52A070E4A1E2}.Debug|Any CPU.Build.0 = Debug|Any CPU
		{E88A08EF-7C28-49C9-9B0B-52A070E4A1E2}.Release|Any CPU.ActiveCfg = Release|Any CPU
		{E88A08EF-7C28-49C9-9B0B-52A070E4A1E2}.Release|Any CPU.Build.0 = Release|Any CPU
	EndGlobalSection
	GlobalSection(SolutionProperties) = preSolution
		HideSolutionNode = FALSE
	EndGlobalSection
	GlobalSection(ExtensibilityGlobals) = postSolution
		SolutionGuid = {84574E7F-FFC6-4B83-B82D-17E6BA3444A2}
	EndGlobalSection
EndGlobal
